
Microsoft Visual Studio Solution File, Format Version 12.00
# Visual Studio Version 17
VisualStudioVersion = 17.6.33723.286
MinimumVisualStudioVersion = 10.0.40219.1
Project("{9A19103F-16F7-4668-BE54-9A1E7A4F7556}") = "BlazorServerSignalRApp", "BlazorServerSignalRApp.csproj", "{0489FD30-AAB0-44C1-BA6D-C04AD2B736C0}"
EndProject
Global
	GlobalSection(SolutionConfigurationPlatforms) = preSolution
		Debug|Any CPU = Debug|Any CPU
		Release|Any CPU = Release|Any CPU
	EndGlobalSection
	GlobalSection(ProjectConfigurationPlatforms) = postSolution
		{0489FD30-AAB0-44C1-BA6D-C04AD2B736C0}.Debug|Any CPU.ActiveCfg = Debug|Any CPU
		{0489FD30-AAB0-44C1-BA6D-C04AD2B736C0}.Debug|Any CPU.Build.0 = Debug|Any CPU
		{0489FD30-AAB0-44C1-BA6D-C04AD2B736C0}.Release|Any CPU.ActiveCfg = Release|Any CPU
		{0489FD30-AAB0-44C1-BA6D-C04AD2B736C0}.Release|Any CPU.Build.0 = Release|Any CPU
	EndGlobalSection
	GlobalSection(SolutionProperties) = preSolution
		HideSolutionNode = FALSE
	EndGlobalSection
	GlobalSection(ExtensibilityGlobals) = postSolution
		SolutionGuid = {C5A4C708-0655-4D00-8E7B-CCF670B1B2A1}
	EndGlobalSection
EndGlobal
